// !$*UTF8*$!
{
	archiveVersion = 1;
	classes = {
	};
	objectVersion = 56;
	objects = {

/* Begin PBXBuildFile section */
		91994A562AD2DE2E00DE4533 /* HomeHeaderViewModel+Protocols.swift in Sources */ = {isa = PBXBuildFile; fileRef = 91994A552AD2DE2E00DE4533 /* HomeHeaderViewModel+Protocols.swift */; };
		91994A582AD2DE9E00DE4533 /* HomeDetailsViewModel+Protocol.swift in Sources */ = {isa = PBXBuildFile; fileRef = 91994A572AD2DE9E00DE4533 /* HomeDetailsViewModel+Protocol.swift */; };
		91994A5B2AD327A700DE4533 /* HomeDetailsHeader.swift in Sources */ = {isa = PBXBuildFile; fileRef = 91994A5A2AD327A700DE4533 /* HomeDetailsHeader.swift */; };
		91994A5D2AD327AF00DE4533 /* HomeDetailsHeader.xib in Resources */ = {isa = PBXBuildFile; fileRef = 91994A5C2AD327AF00DE4533 /* HomeDetailsHeader.xib */; };
		91994A5F2AD333FF00DE4533 /* YoutubeManager.swift in Sources */ = {isa = PBXBuildFile; fileRef = 91994A5E2AD333FF00DE4533 /* YoutubeManager.swift */; };
		91994A622AD337EB00DE4533 /* HomeDetail+Video.swift in Sources */ = {isa = PBXBuildFile; fileRef = 91994A612AD337EB00DE4533 /* HomeDetail+Video.swift */; };
		91C9EAE22AD19BDC00EF6C54 /* API.swift in Sources */ = {isa = PBXBuildFile; fileRef = 91C9EAE12AD19BDC00EF6C54 /* API.swift */; };
		91C9EAE42AD19D8400EF6C54 /* MoviesAPI.swift in Sources */ = {isa = PBXBuildFile; fileRef = 91C9EAE32AD19D8400EF6C54 /* MoviesAPI.swift */; };
		91C9EAE72AD1A19D00EF6C54 /* Movie.swift in Sources */ = {isa = PBXBuildFile; fileRef = 91C9EAE62AD1A19D00EF6C54 /* Movie.swift */; };
		91C9EAE92AD1A9B800EF6C54 /* HomeViewModel.swift in Sources */ = {isa = PBXBuildFile; fileRef = 91C9EAE82AD1A9B800EF6C54 /* HomeViewModel.swift */; };
		91C9EAED2AD1AE1F00EF6C54 /* HomeCell.swift in Sources */ = {isa = PBXBuildFile; fileRef = 91C9EAEB2AD1AE1F00EF6C54 /* HomeCell.swift */; };
		91C9EAEE2AD1AE1F00EF6C54 /* HomeCell.xib in Resources */ = {isa = PBXBuildFile; fileRef = 91C9EAEC2AD1AE1F00EF6C54 /* HomeCell.xib */; };
		91C9EAF12AD1AE6100EF6C54 /* HomeCollectionCell.swift in Sources */ = {isa = PBXBuildFile; fileRef = 91C9EAF02AD1AE6100EF6C54 /* HomeCollectionCell.swift */; };
		91C9EAF42AD1AEA600EF6C54 /* HomeCollectionCell.xib in Resources */ = {isa = PBXBuildFile; fileRef = 91C9EAF32AD1AEA600EF6C54 /* HomeCollectionCell.xib */; };
		91C9EAF62AD1B2A400EF6C54 /* HomeController+Protocols.swift in Sources */ = {isa = PBXBuildFile; fileRef = 91C9EAF52AD1B2A400EF6C54 /* HomeController+Protocols.swift */; };
		91C9EAF82AD1B2AC00EF6C54 /* HomeController+Table.swift in Sources */ = {isa = PBXBuildFile; fileRef = 91C9EAF72AD1B2AC00EF6C54 /* HomeController+Table.swift */; };
		91C9EAFC2AD1B2E600EF6C54 /* HomeViewModel+Protocols.swift in Sources */ = {isa = PBXBuildFile; fileRef = 91C9EAFB2AD1B2E600EF6C54 /* HomeViewModel+Protocols.swift */; };
		91C9EAFF2AD1CEDA00EF6C54 /* HomeCollectionCellViewModel.swift in Sources */ = {isa = PBXBuildFile; fileRef = 91C9EAFE2AD1CEDA00EF6C54 /* HomeCollectionCellViewModel.swift */; };
		91C9EB012AD1CFD800EF6C54 /* HomeCollectionCell+Collection.swift in Sources */ = {isa = PBXBuildFile; fileRef = 91C9EB002AD1CFD800EF6C54 /* HomeCollectionCell+Collection.swift */; };
		91C9EB032AD1D11900EF6C54 /* HomeCollectionCell+Protocols.swift in Sources */ = {isa = PBXBuildFile; fileRef = 91C9EB022AD1D11900EF6C54 /* HomeCollectionCell+Protocols.swift */; };
		91C9EB112AD1E44A00EF6C54 /* UIImageView++.swift in Sources */ = {isa = PBXBuildFile; fileRef = 91C9EB102AD1E44A00EF6C54 /* UIImageView++.swift */; };
		91C9EB142AD1F9BE00EF6C54 /* HomeCollectionCellViewModel+Protocols.swift in Sources */ = {isa = PBXBuildFile; fileRef = 91C9EB132AD1F9BE00EF6C54 /* HomeCollectionCellViewModel+Protocols.swift */; };
		91C9EB172AD1FD5000EF6C54 /* HomeHeader.swift in Sources */ = {isa = PBXBuildFile; fileRef = 91C9EB162AD1FD5000EF6C54 /* HomeHeader.swift */; };
		91C9EB192AD1FD5D00EF6C54 /* HomeHeader.xib in Resources */ = {isa = PBXBuildFile; fileRef = 91C9EB182AD1FD5D00EF6C54 /* HomeHeader.xib */; };
		91C9EB1F2AD1FFFF00EF6C54 /* HomeHeaderViewModel.swift in Sources */ = {isa = PBXBuildFile; fileRef = 91C9EB1E2AD1FFFF00EF6C54 /* HomeHeaderViewModel.swift */; };
		91C9EB212AD2040300EF6C54 /* HomeHeader+Collection.swift in Sources */ = {isa = PBXBuildFile; fileRef = 91C9EB202AD2040300EF6C54 /* HomeHeader+Collection.swift */; };
		91C9EB252AD2068000EF6C54 /* HeaderCollectionCell.swift in Sources */ = {isa = PBXBuildFile; fileRef = 91C9EB232AD2068000EF6C54 /* HeaderCollectionCell.swift */; };
		91C9EB262AD2068000EF6C54 /* HeaderCollectionCell.xib in Resources */ = {isa = PBXBuildFile; fileRef = 91C9EB242AD2068000EF6C54 /* HeaderCollectionCell.xib */; };
		91C9EB282AD2268500EF6C54 /* HomeHeader+Protocols.swift in Sources */ = {isa = PBXBuildFile; fileRef = 91C9EB272AD2268500EF6C54 /* HomeHeader+Protocols.swift */; };
		91C9EB2C2AD2AF4800EF6C54 /* HomeDetailsController.swift in Sources */ = {isa = PBXBuildFile; fileRef = 91C9EB2A2AD2AF4800EF6C54 /* HomeDetailsController.swift */; };
		91C9EB302AD2B05E00EF6C54 /* HomeDetailsViewModel.swift in Sources */ = {isa = PBXBuildFile; fileRef = 91C9EB2F2AD2B05E00EF6C54 /* HomeDetailsViewModel.swift */; };
		91C9EB332AD2B18900EF6C54 /* HomeDetails.storyboard in Resources */ = {isa = PBXBuildFile; fileRef = 91C9EB322AD2B18900EF6C54 /* HomeDetails.storyboard */; };
		91C9EB352AD2B31E00EF6C54 /* HomeDetails+Table.swift in Sources */ = {isa = PBXBuildFile; fileRef = 91C9EB342AD2B31E00EF6C54 /* HomeDetails+Table.swift */; };
		91C9EB372AD2B32A00EF6C54 /* HomeDetails+Protocol.swift in Sources */ = {isa = PBXBuildFile; fileRef = 91C9EB362AD2B32A00EF6C54 /* HomeDetails+Protocol.swift */; };
		91C9EB3B2AD2B40300EF6C54 /* HomeDetailsButtonCell.swift in Sources */ = {isa = PBXBuildFile; fileRef = 91C9EB392AD2B40300EF6C54 /* HomeDetailsButtonCell.swift */; };
		91C9EB3C2AD2B40300EF6C54 /* HomeDetailsButtonCell.xib in Resources */ = {isa = PBXBuildFile; fileRef = 91C9EB3A2AD2B40300EF6C54 /* HomeDetailsButtonCell.xib */; };
		91C9EB3F2AD2B41700EF6C54 /* HomeDetailsLabelCell.swift in Sources */ = {isa = PBXBuildFile; fileRef = 91C9EB3D2AD2B41700EF6C54 /* HomeDetailsLabelCell.swift */; };
		91C9EB402AD2B41700EF6C54 /* HomeDetailsLabelCell.xib in Resources */ = {isa = PBXBuildFile; fileRef = 91C9EB3E2AD2B41700EF6C54 /* HomeDetailsLabelCell.xib */; };
		91EDA5A02AD1776C00579F46 /* Root++.swift in Sources */ = {isa = PBXBuildFile; fileRef = 91EDA59F2AD1776C00579F46 /* Root++.swift */; };
		91EDA5A32AD177E300579F46 /* HomeController.swift in Sources */ = {isa = PBXBuildFile; fileRef = 91EDA5A22AD177E300579F46 /* HomeController.swift */; };
		91EDA5A52AD177E900579F46 /* DownloadsController.swift in Sources */ = {isa = PBXBuildFile; fileRef = 91EDA5A42AD177E900579F46 /* DownloadsController.swift */; };
		91EDA5A72AD177F000579F46 /* FindController.swift in Sources */ = {isa = PBXBuildFile; fileRef = 91EDA5A62AD177F000579F46 /* FindController.swift */; };
		91EDA5A92AD177F800579F46 /* Home.storyboard in Resources */ = {isa = PBXBuildFile; fileRef = 91EDA5A82AD177F800579F46 /* Home.storyboard */; };
		91EDA5AB2AD177FE00579F46 /* Downloads.storyboard in Resources */ = {isa = PBXBuildFile; fileRef = 91EDA5AA2AD177FE00579F46 /* Downloads.storyboard */; };
		91EDA5AD2AD1780300579F46 /* Find.storyboard in Resources */ = {isa = PBXBuildFile; fileRef = 91EDA5AC2AD1780300579F46 /* Find.storyboard */; };
		91FD96622ACDF25800B04B52 /* AppDelegate.swift in Sources */ = {isa = PBXBuildFile; fileRef = 91FD96612ACDF25800B04B52 /* AppDelegate.swift */; };
		91FD96642ACDF25800B04B52 /* SceneDelegate.swift in Sources */ = {isa = PBXBuildFile; fileRef = 91FD96632ACDF25800B04B52 /* SceneDelegate.swift */; };
		91FD96662ACDF25800B04B52 /* SplashController.swift in Sources */ = {isa = PBXBuildFile; fileRef = 91FD96652ACDF25800B04B52 /* SplashController.swift */; };
		91FD96692ACDF25800B04B52 /* Splash.storyboard in Resources */ = {isa = PBXBuildFile; fileRef = 91FD96672ACDF25800B04B52 /* Splash.storyboard */; };
		91FD966B2ACDF25900B04B52 /* Assets.xcassets in Resources */ = {isa = PBXBuildFile; fileRef = 91FD966A2ACDF25900B04B52 /* Assets.xcassets */; };
		91FD966E2ACDF25900B04B52 /* LaunchScreen.storyboard in Resources */ = {isa = PBXBuildFile; fileRef = 91FD966C2ACDF25900B04B52 /* LaunchScreen.storyboard */; };
		91FD96802ACDF4CF00B04B52 /* SplashViewModel.swift in Sources */ = {isa = PBXBuildFile; fileRef = 91FD967F2ACDF4CF00B04B52 /* SplashViewModel.swift */; };
		91FD96822ACDFD4200B04B52 /* AppConfig.swift in Sources */ = {isa = PBXBuildFile; fileRef = 91FD96812ACDFD4200B04B52 /* AppConfig.swift */; };
		91FD96842ACDFDA100B04B52 /* UIColor++.swift in Sources */ = {isa = PBXBuildFile; fileRef = 91FD96832ACDFDA100B04B52 /* UIColor++.swift */; };
		91FD96862ACDFFD100B04B52 /* NetworkManager.swift in Sources */ = {isa = PBXBuildFile; fileRef = 91FD96852ACDFFD100B04B52 /* NetworkManager.swift */; };
		91FD968E2ACE06EA00B04B52 /* MainTabViewModel.swift in Sources */ = {isa = PBXBuildFile; fileRef = 91FD968D2ACE06EA00B04B52 /* MainTabViewModel.swift */; };
		91FD96902ACE070800B04B52 /* MainTabController.swift in Sources */ = {isa = PBXBuildFile; fileRef = 91FD968F2ACE070800B04B52 /* MainTabController.swift */; };
		91FD96972ACE076B00B04B52 /* MainTab.storyboard in Resources */ = {isa = PBXBuildFile; fileRef = 91FD96962ACE076B00B04B52 /* MainTab.storyboard */; };
		91FD96992ACE085300B04B52 /* Segue++.swift in Sources */ = {isa = PBXBuildFile; fileRef = 91FD96982ACE085300B04B52 /* Segue++.swift */; };
		91FD969B2ACE0A3700B04B52 /* RootManager.swift in Sources */ = {isa = PBXBuildFile; fileRef = 91FD969A2ACE0A3700B04B52 /* RootManager.swift */; };
/* End PBXBuildFile section */

/* Begin PBXFileReference section */
		91994A552AD2DE2E00DE4533 /* HomeHeaderViewModel+Protocols.swift */ = {isa = PBXFileReference; lastKnownFileType = sourcecode.swift; path = "HomeHeaderViewModel+Protocols.swift"; sourceTree = "<group>"; };
		91994A572AD2DE9E00DE4533 /* HomeDetailsViewModel+Protocol.swift */ = {isa = PBXFileReference; lastKnownFileType = sourcecode.swift; path = "HomeDetailsViewModel+Protocol.swift"; sourceTree = "<group>"; };
		91994A5A2AD327A700DE4533 /* HomeDetailsHeader.swift */ = {isa = PBXFileReference; lastKnownFileType = sourcecode.swift; path = HomeDetailsHeader.swift; sourceTree = "<group>"; };
		91994A5C2AD327AF00DE4533 /* HomeDetailsHeader.xib */ = {isa = PBXFileReference; lastKnownFileType = file.xib; path = HomeDetailsHeader.xib; sourceTree = "<group>"; };
		91994A5E2AD333FF00DE4533 /* YoutubeManager.swift */ = {isa = PBXFileReference; lastKnownFileType = sourcecode.swift; path = YoutubeManager.swift; sourceTree = "<group>"; };
		91994A612AD337EB00DE4533 /* HomeDetail+Video.swift */ = {isa = PBXFileReference; lastKnownFileType = sourcecode.swift; path = "HomeDetail+Video.swift"; sourceTree = "<group>"; };
		91C9EAE12AD19BDC00EF6C54 /* API.swift */ = {isa = PBXFileReference; lastKnownFileType = sourcecode.swift; path = API.swift; sourceTree = "<group>"; };
		91C9EAE32AD19D8400EF6C54 /* MoviesAPI.swift */ = {isa = PBXFileReference; lastKnownFileType = sourcecode.swift; path = MoviesAPI.swift; sourceTree = "<group>"; };
		91C9EAE62AD1A19D00EF6C54 /* Movie.swift */ = {isa = PBXFileReference; lastKnownFileType = sourcecode.swift; path = Movie.swift; sourceTree = "<group>"; };
		91C9EAE82AD1A9B800EF6C54 /* HomeViewModel.swift */ = {isa = PBXFileReference; lastKnownFileType = sourcecode.swift; path = HomeViewModel.swift; sourceTree = "<group>"; };
		91C9EAEB2AD1AE1F00EF6C54 /* HomeCell.swift */ = {isa = PBXFileReference; lastKnownFileType = sourcecode.swift; path = HomeCell.swift; sourceTree = "<group>"; };
		91C9EAEC2AD1AE1F00EF6C54 /* HomeCell.xib */ = {isa = PBXFileReference; lastKnownFileType = file.xib; path = HomeCell.xib; sourceTree = "<group>"; };
		91C9EAF02AD1AE6100EF6C54 /* HomeCollectionCell.swift */ = {isa = PBXFileReference; lastKnownFileType = sourcecode.swift; path = HomeCollectionCell.swift; sourceTree = "<group>"; };
		91C9EAF32AD1AEA600EF6C54 /* HomeCollectionCell.xib */ = {isa = PBXFileReference; lastKnownFileType = file.xib; path = HomeCollectionCell.xib; sourceTree = "<group>"; };
		91C9EAF52AD1B2A400EF6C54 /* HomeController+Protocols.swift */ = {isa = PBXFileReference; lastKnownFileType = sourcecode.swift; path = "HomeController+Protocols.swift"; sourceTree = "<group>"; };
		91C9EAF72AD1B2AC00EF6C54 /* HomeController+Table.swift */ = {isa = PBXFileReference; lastKnownFileType = sourcecode.swift; path = "HomeController+Table.swift"; sourceTree = "<group>"; };
		91C9EAFB2AD1B2E600EF6C54 /* HomeViewModel+Protocols.swift */ = {isa = PBXFileReference; lastKnownFileType = sourcecode.swift; path = "HomeViewModel+Protocols.swift"; sourceTree = "<group>"; };
		91C9EAFE2AD1CEDA00EF6C54 /* HomeCollectionCellViewModel.swift */ = {isa = PBXFileReference; lastKnownFileType = sourcecode.swift; path = HomeCollectionCellViewModel.swift; sourceTree = "<group>"; };
		91C9EB002AD1CFD800EF6C54 /* HomeCollectionCell+Collection.swift */ = {isa = PBXFileReference; lastKnownFileType = sourcecode.swift; path = "HomeCollectionCell+Collection.swift"; sourceTree = "<group>"; };
		91C9EB022AD1D11900EF6C54 /* HomeCollectionCell+Protocols.swift */ = {isa = PBXFileReference; lastKnownFileType = sourcecode.swift; path = "HomeCollectionCell+Protocols.swift"; sourceTree = "<group>"; };
		91C9EB102AD1E44A00EF6C54 /* UIImageView++.swift */ = {isa = PBXFileReference; lastKnownFileType = sourcecode.swift; path = "UIImageView++.swift"; sourceTree = "<group>"; };
		91C9EB132AD1F9BE00EF6C54 /* HomeCollectionCellViewModel+Protocols.swift */ = {isa = PBXFileReference; lastKnownFileType = sourcecode.swift; path = "HomeCollectionCellViewModel+Protocols.swift"; sourceTree = "<group>"; };
		91C9EB162AD1FD5000EF6C54 /* HomeHeader.swift */ = {isa = PBXFileReference; lastKnownFileType = sourcecode.swift; path = HomeHeader.swift; sourceTree = "<group>"; };
		91C9EB182AD1FD5D00EF6C54 /* HomeHeader.xib */ = {isa = PBXFileReference; lastKnownFileType = file.xib; path = HomeHeader.xib; sourceTree = "<group>"; };
		91C9EB1E2AD1FFFF00EF6C54 /* HomeHeaderViewModel.swift */ = {isa = PBXFileReference; lastKnownFileType = sourcecode.swift; path = HomeHeaderViewModel.swift; sourceTree = "<group>"; };
		91C9EB202AD2040300EF6C54 /* HomeHeader+Collection.swift */ = {isa = PBXFileReference; lastKnownFileType = sourcecode.swift; path = "HomeHeader+Collection.swift"; sourceTree = "<group>"; };
		91C9EB232AD2068000EF6C54 /* HeaderCollectionCell.swift */ = {isa = PBXFileReference; lastKnownFileType = sourcecode.swift; path = HeaderCollectionCell.swift; sourceTree = "<group>"; };
		91C9EB242AD2068000EF6C54 /* HeaderCollectionCell.xib */ = {isa = PBXFileReference; lastKnownFileType = file.xib; path = HeaderCollectionCell.xib; sourceTree = "<group>"; };
		91C9EB272AD2268500EF6C54 /* HomeHeader+Protocols.swift */ = {isa = PBXFileReference; lastKnownFileType = sourcecode.swift; path = "HomeHeader+Protocols.swift"; sourceTree = "<group>"; };
		91C9EB2A2AD2AF4800EF6C54 /* HomeDetailsController.swift */ = {isa = PBXFileReference; lastKnownFileType = sourcecode.swift; path = HomeDetailsController.swift; sourceTree = "<group>"; };
		91C9EB2F2AD2B05E00EF6C54 /* HomeDetailsViewModel.swift */ = {isa = PBXFileReference; lastKnownFileType = sourcecode.swift; path = HomeDetailsViewModel.swift; sourceTree = "<group>"; };
		91C9EB322AD2B18900EF6C54 /* HomeDetails.storyboard */ = {isa = PBXFileReference; lastKnownFileType = file.storyboard; path = HomeDetails.storyboard; sourceTree = "<group>"; };
		91C9EB342AD2B31E00EF6C54 /* HomeDetails+Table.swift */ = {isa = PBXFileReference; lastKnownFileType = sourcecode.swift; path = "HomeDetails+Table.swift"; sourceTree = "<group>"; };
		91C9EB362AD2B32A00EF6C54 /* HomeDetails+Protocol.swift */ = {isa = PBXFileReference; lastKnownFileType = sourcecode.swift; path = "HomeDetails+Protocol.swift"; sourceTree = "<group>"; };
		91C9EB392AD2B40300EF6C54 /* HomeDetailsButtonCell.swift */ = {isa = PBXFileReference; lastKnownFileType = sourcecode.swift; path = HomeDetailsButtonCell.swift; sourceTree = "<group>"; };
		91C9EB3A2AD2B40300EF6C54 /* HomeDetailsButtonCell.xib */ = {isa = PBXFileReference; lastKnownFileType = file.xib; path = HomeDetailsButtonCell.xib; sourceTree = "<group>"; };
		91C9EB3D2AD2B41700EF6C54 /* HomeDetailsLabelCell.swift */ = {isa = PBXFileReference; lastKnownFileType = sourcecode.swift; path = HomeDetailsLabelCell.swift; sourceTree = "<group>"; };
		91C9EB3E2AD2B41700EF6C54 /* HomeDetailsLabelCell.xib */ = {isa = PBXFileReference; lastKnownFileType = file.xib; path = HomeDetailsLabelCell.xib; sourceTree = "<group>"; };
		91EDA59F2AD1776C00579F46 /* Root++.swift */ = {isa = PBXFileReference; lastKnownFileType = sourcecode.swift; path = "Root++.swift"; sourceTree = "<group>"; };
		91EDA5A22AD177E300579F46 /* HomeController.swift */ = {isa = PBXFileReference; lastKnownFileType = sourcecode.swift; path = HomeController.swift; sourceTree = "<group>"; };
		91EDA5A42AD177E900579F46 /* DownloadsController.swift */ = {isa = PBXFileReference; lastKnownFileType = sourcecode.swift; path = DownloadsController.swift; sourceTree = "<group>"; };
		91EDA5A62AD177F000579F46 /* FindController.swift */ = {isa = PBXFileReference; lastKnownFileType = sourcecode.swift; path = FindController.swift; sourceTree = "<group>"; };
		91EDA5A82AD177F800579F46 /* Home.storyboard */ = {isa = PBXFileReference; lastKnownFileType = file.storyboard; path = Home.storyboard; sourceTree = "<group>"; };
		91EDA5AA2AD177FE00579F46 /* Downloads.storyboard */ = {isa = PBXFileReference; lastKnownFileType = file.storyboard; path = Downloads.storyboard; sourceTree = "<group>"; };
		91EDA5AC2AD1780300579F46 /* Find.storyboard */ = {isa = PBXFileReference; lastKnownFileType = file.storyboard; path = Find.storyboard; sourceTree = "<group>"; };
		91FD965E2ACDF25800B04B52 /* awsPrimeVideoClone.app */ = {isa = PBXFileReference; explicitFileType = wrapper.application; includeInIndex = 0; path = awsPrimeVideoClone.app; sourceTree = BUILT_PRODUCTS_DIR; };
		91FD96612ACDF25800B04B52 /* AppDelegate.swift */ = {isa = PBXFileReference; lastKnownFileType = sourcecode.swift; path = AppDelegate.swift; sourceTree = "<group>"; };
		91FD96632ACDF25800B04B52 /* SceneDelegate.swift */ = {isa = PBXFileReference; lastKnownFileType = sourcecode.swift; path = SceneDelegate.swift; sourceTree = "<group>"; };
		91FD96652ACDF25800B04B52 /* SplashController.swift */ = {isa = PBXFileReference; lastKnownFileType = sourcecode.swift; path = SplashController.swift; sourceTree = "<group>"; };
		91FD96682ACDF25800B04B52 /* Base */ = {isa = PBXFileReference; lastKnownFileType = file.storyboard; name = Base; path = Base.lproj/Splash.storyboard; sourceTree = "<group>"; };
		91FD966A2ACDF25900B04B52 /* Assets.xcassets */ = {isa = PBXFileReference; lastKnownFileType = folder.assetcatalog; path = Assets.xcassets; sourceTree = "<group>"; };
		91FD966D2ACDF25900B04B52 /* Base */ = {isa = PBXFileReference; lastKnownFileType = file.storyboard; name = Base; path = Base.lproj/LaunchScreen.storyboard; sourceTree = "<group>"; };
		91FD966F2ACDF25900B04B52 /* Info.plist */ = {isa = PBXFileReference; lastKnownFileType = text.plist.xml; path = Info.plist; sourceTree = "<group>"; };
		91FD967F2ACDF4CF00B04B52 /* SplashViewModel.swift */ = {isa = PBXFileReference; lastKnownFileType = sourcecode.swift; path = SplashViewModel.swift; sourceTree = "<group>"; };
		91FD96812ACDFD4200B04B52 /* AppConfig.swift */ = {isa = PBXFileReference; lastKnownFileType = sourcecode.swift; path = AppConfig.swift; sourceTree = "<group>"; };
		91FD96832ACDFDA100B04B52 /* UIColor++.swift */ = {isa = PBXFileReference; lastKnownFileType = sourcecode.swift; path = "UIColor++.swift"; sourceTree = "<group>"; };
		91FD96852ACDFFD100B04B52 /* NetworkManager.swift */ = {isa = PBXFileReference; lastKnownFileType = sourcecode.swift; path = NetworkManager.swift; sourceTree = "<group>"; };
		91FD968D2ACE06EA00B04B52 /* MainTabViewModel.swift */ = {isa = PBXFileReference; lastKnownFileType = sourcecode.swift; path = MainTabViewModel.swift; sourceTree = "<group>"; };
		91FD968F2ACE070800B04B52 /* MainTabController.swift */ = {isa = PBXFileReference; lastKnownFileType = sourcecode.swift; path = MainTabController.swift; sourceTree = "<group>"; };
		91FD96962ACE076B00B04B52 /* MainTab.storyboard */ = {isa = PBXFileReference; lastKnownFileType = file.storyboard; path = MainTab.storyboard; sourceTree = "<group>"; };
		91FD96982ACE085300B04B52 /* Segue++.swift */ = {isa = PBXFileReference; lastKnownFileType = sourcecode.swift; path = "Segue++.swift"; sourceTree = "<group>"; };
		91FD969A2ACE0A3700B04B52 /* RootManager.swift */ = {isa = PBXFileReference; lastKnownFileType = sourcecode.swift; path = RootManager.swift; sourceTree = "<group>"; };
/* End PBXFileReference section */

/* Begin PBXFrameworksBuildPhase section */
		91FD965B2ACDF25800B04B52 /* Frameworks */ = {
			isa = PBXFrameworksBuildPhase;
			buildActionMask = 2147483647;
			files = (
			);
			runOnlyForDeploymentPostprocessing = 0;
		};
/* End PBXFrameworksBuildPhase section */

/* Begin PBXGroup section */
		91994A592AD3278600DE4533 /* HomeDetailsHeader */ = {
			isa = PBXGroup;
			children = (
				91994A5A2AD327A700DE4533 /* HomeDetailsHeader.swift */,
				91994A5C2AD327AF00DE4533 /* HomeDetailsHeader.xib */,
			);
			path = HomeDetailsHeader;
			sourceTree = "<group>";
		};
		91994A602AD337DC00DE4533 /* HomeDetail+Video */ = {
			isa = PBXGroup;
			children = (
				91994A612AD337EB00DE4533 /* HomeDetail+Video.swift */,
			);
			path = "HomeDetail+Video";
			sourceTree = "<group>";
		};
		91C9EAE52AD1A18800EF6C54 /* Models */ = {
			isa = PBXGroup;
			children = (
				91C9EAE62AD1A19D00EF6C54 /* Movie.swift */,
			);
			path = Models;
			sourceTree = "<group>";
		};
		91C9EAEA2AD1AE0100EF6C54 /* HomeCell */ = {
			isa = PBXGroup;
			children = (
				91C9EAEC2AD1AE1F00EF6C54 /* HomeCell.xib */,
				91C9EAEB2AD1AE1F00EF6C54 /* HomeCell.swift */,
				91C9EB152AD1FD1E00EF6C54 /* HomeHeader */,
				91C9EAF22AD1AE6C00EF6C54 /* HomeCollectionCell */,
				91C9EB292AD2AF1E00EF6C54 /* HomeDetails */,
			);
			path = HomeCell;
			sourceTree = "<group>";
		};
		91C9EAF22AD1AE6C00EF6C54 /* HomeCollectionCell */ = {
			isa = PBXGroup;
			children = (
				91C9EAF02AD1AE6100EF6C54 /* HomeCollectionCell.swift */,
				91C9EAF32AD1AEA600EF6C54 /* HomeCollectionCell.xib */,
			);
			path = HomeCollectionCell;
			sourceTree = "<group>";
		};
		91C9EAF92AD1B2CD00EF6C54 /* HomeController */ = {
			isa = PBXGroup;
			children = (
				91C9EB1A2AD1FFBB00EF6C54 /* HomeController */,
				91C9EB122AD1F87E00EF6C54 /* HomeCollectionCell */,
				91C9EB1D2AD1FFE200EF6C54 /* HomeHeader */,
				91C9EB312AD2B14000EF6C54 /* HomeDetails */,
			);
			path = HomeController;
			sourceTree = "<group>";
		};
		91C9EAFA2AD1B2D800EF6C54 /* HomeViewModel */ = {
			isa = PBXGroup;
			children = (
				91C9EB1B2AD1FFC500EF6C54 /* HomeViewModel */,
				91C9EAFD2AD1CEC800EF6C54 /* HomeCollectionCellViewModel */,
				91C9EB1C2AD1FFD500EF6C54 /* HomeHeaderViewModel */,
				91C9EB2E2AD2AF8600EF6C54 /* HomeDetailsViewModel */,
			);
			path = HomeViewModel;
			sourceTree = "<group>";
		};
		91C9EAFD2AD1CEC800EF6C54 /* HomeCollectionCellViewModel */ = {
			isa = PBXGroup;
			children = (
				91C9EAFE2AD1CEDA00EF6C54 /* HomeCollectionCellViewModel.swift */,
				91C9EB132AD1F9BE00EF6C54 /* HomeCollectionCellViewModel+Protocols.swift */,
			);
			path = HomeCollectionCellViewModel;
			sourceTree = "<group>";
		};
		91C9EB122AD1F87E00EF6C54 /* HomeCollectionCell */ = {
			isa = PBXGroup;
			children = (
				91C9EB002AD1CFD800EF6C54 /* HomeCollectionCell+Collection.swift */,
				91C9EB022AD1D11900EF6C54 /* HomeCollectionCell+Protocols.swift */,
			);
			path = HomeCollectionCell;
			sourceTree = "<group>";
		};
		91C9EB152AD1FD1E00EF6C54 /* HomeHeader */ = {
			isa = PBXGroup;
			children = (
				91C9EB162AD1FD5000EF6C54 /* HomeHeader.swift */,
				91C9EB182AD1FD5D00EF6C54 /* HomeHeader.xib */,
				91C9EB222AD2064B00EF6C54 /* HeaderCollectionCell */,
			);
			path = HomeHeader;
			sourceTree = "<group>";
		};
		91C9EB1A2AD1FFBB00EF6C54 /* HomeController */ = {
			isa = PBXGroup;
			children = (
				91EDA5A22AD177E300579F46 /* HomeController.swift */,
				91C9EAF52AD1B2A400EF6C54 /* HomeController+Protocols.swift */,
				91C9EAF72AD1B2AC00EF6C54 /* HomeController+Table.swift */,
			);
			path = HomeController;
			sourceTree = "<group>";
		};
		91C9EB1B2AD1FFC500EF6C54 /* HomeViewModel */ = {
			isa = PBXGroup;
			children = (
				91C9EAE82AD1A9B800EF6C54 /* HomeViewModel.swift */,
				91C9EAFB2AD1B2E600EF6C54 /* HomeViewModel+Protocols.swift */,
			);
			path = HomeViewModel;
			sourceTree = "<group>";
		};
		91C9EB1C2AD1FFD500EF6C54 /* HomeHeaderViewModel */ = {
			isa = PBXGroup;
			children = (
				91C9EB1E2AD1FFFF00EF6C54 /* HomeHeaderViewModel.swift */,
				91994A552AD2DE2E00DE4533 /* HomeHeaderViewModel+Protocols.swift */,
			);
			path = HomeHeaderViewModel;
			sourceTree = "<group>";
		};
		91C9EB1D2AD1FFE200EF6C54 /* HomeHeader */ = {
			isa = PBXGroup;
			children = (
				91C9EB202AD2040300EF6C54 /* HomeHeader+Collection.swift */,
				91C9EB272AD2268500EF6C54 /* HomeHeader+Protocols.swift */,
			);
			path = HomeHeader;
			sourceTree = "<group>";
		};
		91C9EB222AD2064B00EF6C54 /* HeaderCollectionCell */ = {
			isa = PBXGroup;
			children = (
				91C9EB232AD2068000EF6C54 /* HeaderCollectionCell.swift */,
				91C9EB242AD2068000EF6C54 /* HeaderCollectionCell.xib */,
			);
			path = HeaderCollectionCell;
			sourceTree = "<group>";
		};
		91C9EB292AD2AF1E00EF6C54 /* HomeDetails */ = {
			isa = PBXGroup;
			children = (
				91C9EB322AD2B18900EF6C54 /* HomeDetails.storyboard */,
				91C9EB382AD2B3D200EF6C54 /* HomeDetailsCell */,
				91994A592AD3278600DE4533 /* HomeDetailsHeader */,
			);
			path = HomeDetails;
			sourceTree = "<group>";
		};
		91C9EB2E2AD2AF8600EF6C54 /* HomeDetailsViewModel */ = {
			isa = PBXGroup;
			children = (
				91C9EB2F2AD2B05E00EF6C54 /* HomeDetailsViewModel.swift */,
				91994A572AD2DE9E00DE4533 /* HomeDetailsViewModel+Protocol.swift */,
			);
			path = HomeDetailsViewModel;
			sourceTree = "<group>";
		};
		91C9EB312AD2B14000EF6C54 /* HomeDetails */ = {
			isa = PBXGroup;
			children = (
				91994A602AD337DC00DE4533 /* HomeDetail+Video */,
				91C9EB2A2AD2AF4800EF6C54 /* HomeDetailsController.swift */,
				91C9EB342AD2B31E00EF6C54 /* HomeDetails+Table.swift */,
				91C9EB362AD2B32A00EF6C54 /* HomeDetails+Protocol.swift */,
			);
			path = HomeDetails;
			sourceTree = "<group>";
		};
		91C9EB382AD2B3D200EF6C54 /* HomeDetailsCell */ = {
			isa = PBXGroup;
			children = (
				91C9EB392AD2B40300EF6C54 /* HomeDetailsButtonCell.swift */,
				91C9EB3A2AD2B40300EF6C54 /* HomeDetailsButtonCell.xib */,
				91C9EB3D2AD2B41700EF6C54 /* HomeDetailsLabelCell.swift */,
				91C9EB3E2AD2B41700EF6C54 /* HomeDetailsLabelCell.xib */,
			);
			path = HomeDetailsCell;
			sourceTree = "<group>";
		};
		91FD96552ACDF25800B04B52 = {
			isa = PBXGroup;
			children = (
				91FD96602ACDF25800B04B52 /* awsPrimeVideoClone */,
				91FD965F2ACDF25800B04B52 /* Products */,
			);
			sourceTree = "<group>";
		};
		91FD965F2ACDF25800B04B52 /* Products */ = {
			isa = PBXGroup;
			children = (
				91FD965E2ACDF25800B04B52 /* awsPrimeVideoClone.app */,
			);
			name = Products;
			sourceTree = "<group>";
		};
		91FD96602ACDF25800B04B52 /* awsPrimeVideoClone */ = {
			isa = PBXGroup;
			children = (
				91FD96762ACDF2C600B04B52 /* Application */,
				91C9EAE52AD1A18800EF6C54 /* Models */,
				91FD96772ACDF2CA00B04B52 /* Constants */,
				91FD96792ACDF2CF00B04B52 /* Modules */,
				91FD967C2ACDF2E700B04B52 /* Network */,
				91FD967A2ACDF2D200B04B52 /* Resources */,
				91FD96752ACDF29D00B04B52 /* Managers */,
				91FD96782ACDF2CC00B04B52 /* Extensions */,
				91FD967B2ACDF2E200B04B52 /* UI */,
			);
			path = awsPrimeVideoClone;
			sourceTree = "<group>";
		};
		91FD96752ACDF29D00B04B52 /* Managers */ = {
			isa = PBXGroup;
			children = (
				91FD96852ACDFFD100B04B52 /* NetworkManager.swift */,
				91FD969A2ACE0A3700B04B52 /* RootManager.swift */,
				91994A5E2AD333FF00DE4533 /* YoutubeManager.swift */,
			);
			path = Managers;
			sourceTree = "<group>";
		};
		91FD96762ACDF2C600B04B52 /* Application */ = {
			isa = PBXGroup;
			children = (
				91FD96612ACDF25800B04B52 /* AppDelegate.swift */,
				91FD96632ACDF25800B04B52 /* SceneDelegate.swift */,
			);
			path = Application;
			sourceTree = "<group>";
		};
		91FD96772ACDF2CA00B04B52 /* Constants */ = {
			isa = PBXGroup;
			children = (
				91FD96812ACDFD4200B04B52 /* AppConfig.swift */,
			);
			path = Constants;
			sourceTree = "<group>";
		};
		91FD96782ACDF2CC00B04B52 /* Extensions */ = {
			isa = PBXGroup;
			children = (
				91FD96832ACDFDA100B04B52 /* UIColor++.swift */,
				91FD96982ACE085300B04B52 /* Segue++.swift */,
				91EDA59F2AD1776C00579F46 /* Root++.swift */,
				91C9EB102AD1E44A00EF6C54 /* UIImageView++.swift */,
			);
			path = Extensions;
			sourceTree = "<group>";
		};
		91FD96792ACDF2CF00B04B52 /* Modules */ = {
			isa = PBXGroup;
			children = (
				91FD96882ACE06BC00B04B52 /* Home */,
				91FD96892ACE06C500B04B52 /* Downloads */,
				91FD968A2ACE06CB00B04B52 /* Find */,
				91FD96872ACE06B800B04B52 /* MainTab */,
				91FD967E2ACDF36D00B04B52 /* Splash */,
			);
			path = Modules;
			sourceTree = "<group>";
		};
		91FD967A2ACDF2D200B04B52 /* Resources */ = {
			isa = PBXGroup;
			children = (
				91FD966A2ACDF25900B04B52 /* Assets.xcassets */,
				91FD966F2ACDF25900B04B52 /* Info.plist */,
			);
			path = Resources;
			sourceTree = "<group>";
		};
		91FD967B2ACDF2E200B04B52 /* UI */ = {
			isa = PBXGroup;
			children = (
				91FD96922ACE071A00B04B52 /* Home */,
				91FD96932ACE071E00B04B52 /* Downloads */,
				91FD96942ACE072300B04B52 /* Find */,
				91FD96912ACE071600B04B52 /* MainTab */,
				91FD967D2ACDF35900B04B52 /* Splash */,
				91FD96952ACE073B00B04B52 /* Launch */,
			);
			path = UI;
			sourceTree = "<group>";
		};
		91FD967C2ACDF2E700B04B52 /* Network */ = {
			isa = PBXGroup;
			children = (
				91C9EAE12AD19BDC00EF6C54 /* API.swift */,
				91C9EAE32AD19D8400EF6C54 /* MoviesAPI.swift */,
			);
			path = Network;
			sourceTree = "<group>";
		};
		91FD967D2ACDF35900B04B52 /* Splash */ = {
			isa = PBXGroup;
			children = (
				91FD96672ACDF25800B04B52 /* Splash.storyboard */,
			);
			path = Splash;
			sourceTree = "<group>";
		};
		91FD967E2ACDF36D00B04B52 /* Splash */ = {
			isa = PBXGroup;
			children = (
				91FD96652ACDF25800B04B52 /* SplashController.swift */,
				91FD967F2ACDF4CF00B04B52 /* SplashViewModel.swift */,
			);
			path = Splash;
			sourceTree = "<group>";
		};
		91FD96872ACE06B800B04B52 /* MainTab */ = {
			isa = PBXGroup;
			children = (
				91FD968D2ACE06EA00B04B52 /* MainTabViewModel.swift */,
				91FD968F2ACE070800B04B52 /* MainTabController.swift */,
			);
			path = MainTab;
			sourceTree = "<group>";
		};
		91FD96882ACE06BC00B04B52 /* Home */ = {
			isa = PBXGroup;
			children = (
				91C9EAF92AD1B2CD00EF6C54 /* HomeController */,
				91C9EAFA2AD1B2D800EF6C54 /* HomeViewModel */,
			);
			path = Home;
			sourceTree = "<group>";
		};
		91FD96892ACE06C500B04B52 /* Downloads */ = {
			isa = PBXGroup;
			children = (
				91EDA5A42AD177E900579F46 /* DownloadsController.swift */,
			);
			path = Downloads;
			sourceTree = "<group>";
		};
		91FD968A2ACE06CB00B04B52 /* Find */ = {
			isa = PBXGroup;
			children = (
				91EDA5A62AD177F000579F46 /* FindController.swift */,
			);
			path = Find;
			sourceTree = "<group>";
		};
		91FD96912ACE071600B04B52 /* MainTab */ = {
			isa = PBXGroup;
			children = (
				91FD96962ACE076B00B04B52 /* MainTab.storyboard */,
			);
			path = MainTab;
			sourceTree = "<group>";
		};
		91FD96922ACE071A00B04B52 /* Home */ = {
			isa = PBXGroup;
			children = (
				91EDA5A82AD177F800579F46 /* Home.storyboard */,
				91C9EAEA2AD1AE0100EF6C54 /* HomeCell */,
			);
			path = Home;
			sourceTree = "<group>";
		};
		91FD96932ACE071E00B04B52 /* Downloads */ = {
			isa = PBXGroup;
			children = (
				91EDA5AA2AD177FE00579F46 /* Downloads.storyboard */,
			);
			path = Downloads;
			sourceTree = "<group>";
		};
		91FD96942ACE072300B04B52 /* Find */ = {
			isa = PBXGroup;
			children = (
				91EDA5AC2AD1780300579F46 /* Find.storyboard */,
			);
			path = Find;
			sourceTree = "<group>";
		};
		91FD96952ACE073B00B04B52 /* Launch */ = {
			isa = PBXGroup;
			children = (
				91FD966C2ACDF25900B04B52 /* LaunchScreen.storyboard */,
			);
			path = Launch;
			sourceTree = "<group>";
		};
/* End PBXGroup section */

/* Begin PBXNativeTarget section */
		91FD965D2ACDF25800B04B52 /* awsPrimeVideoClone */ = {
			isa = PBXNativeTarget;
			buildConfigurationList = 91FD96722ACDF25900B04B52 /* Build configuration list for PBXNativeTarget "awsPrimeVideoClone" */;
			buildPhases = (
				91FD965A2ACDF25800B04B52 /* Sources */,
				91FD965B2ACDF25800B04B52 /* Frameworks */,
				91FD965C2ACDF25800B04B52 /* Resources */,
			);
			buildRules = (
			);
			dependencies = (
			);
			name = awsPrimeVideoClone;
			packageProductDependencies = (
			);
			productName = awsPrimeVideoClone;
			productReference = 91FD965E2ACDF25800B04B52 /* awsPrimeVideoClone.app */;
			productType = "com.apple.product-type.application";
		};
/* End PBXNativeTarget section */

/* Begin PBXProject section */
		91FD96562ACDF25800B04B52 /* Project object */ = {
			isa = PBXProject;
			attributes = {
				BuildIndependentTargetsInParallel = 1;
				LastSwiftUpdateCheck = 1500;
				LastUpgradeCheck = 1500;
				TargetAttributes = {
					91FD965D2ACDF25800B04B52 = {
						CreatedOnToolsVersion = 15.0;
					};
				};
			};
			buildConfigurationList = 91FD96592ACDF25800B04B52 /* Build configuration list for PBXProject "awsPrimeVideoClone" */;
			compatibilityVersion = "Xcode 14.0";
			developmentRegion = en;
			hasScannedForEncodings = 0;
			knownRegions = (
				en,
				Base,
			);
			mainGroup = 91FD96552ACDF25800B04B52;
			packageReferences = (
			);
			productRefGroup = 91FD965F2ACDF25800B04B52 /* Products */;
			projectDirPath = "";
			projectRoot = "";
			targets = (
				91FD965D2ACDF25800B04B52 /* awsPrimeVideoClone */,
			);
		};
/* End PBXProject section */

/* Begin PBXResourcesBuildPhase section */
		91FD965C2ACDF25800B04B52 /* Resources */ = {
			isa = PBXResourcesBuildPhase;
			buildActionMask = 2147483647;
			files = (
				91EDA5AD2AD1780300579F46 /* Find.storyboard in Resources */,
				91C9EB262AD2068000EF6C54 /* HeaderCollectionCell.xib in Resources */,
				91C9EB402AD2B41700EF6C54 /* HomeDetailsLabelCell.xib in Resources */,
				91C9EB192AD1FD5D00EF6C54 /* HomeHeader.xib in Resources */,
				91EDA5AB2AD177FE00579F46 /* Downloads.storyboard in Resources */,
				91C9EB332AD2B18900EF6C54 /* HomeDetails.storyboard in Resources */,
				91FD966E2ACDF25900B04B52 /* LaunchScreen.storyboard in Resources */,
				91C9EB3C2AD2B40300EF6C54 /* HomeDetailsButtonCell.xib in Resources */,
				91EDA5A92AD177F800579F46 /* Home.storyboard in Resources */,
				91FD96972ACE076B00B04B52 /* MainTab.storyboard in Resources */,
				91C9EAF42AD1AEA600EF6C54 /* HomeCollectionCell.xib in Resources */,
				91994A5D2AD327AF00DE4533 /* HomeDetailsHeader.xib in Resources */,
				91FD966B2ACDF25900B04B52 /* Assets.xcassets in Resources */,
				91C9EAEE2AD1AE1F00EF6C54 /* HomeCell.xib in Resources */,
				91FD96692ACDF25800B04B52 /* Splash.storyboard in Resources */,
			);
			runOnlyForDeploymentPostprocessing = 0;
		};
/* End PBXResourcesBuildPhase section */

/* Begin PBXSourcesBuildPhase section */
		91FD965A2ACDF25800B04B52 /* Sources */ = {
			isa = PBXSourcesBuildPhase;
			buildActionMask = 2147483647;
			files = (
				91C9EAE92AD1A9B800EF6C54 /* HomeViewModel.swift in Sources */,
				91FD96662ACDF25800B04B52 /* SplashController.swift in Sources */,
				91FD96822ACDFD4200B04B52 /* AppConfig.swift in Sources */,
				91C9EAE72AD1A19D00EF6C54 /* Movie.swift in Sources */,
				91FD96622ACDF25800B04B52 /* AppDelegate.swift in Sources */,
				91C9EAFC2AD1B2E600EF6C54 /* HomeViewModel+Protocols.swift in Sources */,
				91EDA5A72AD177F000579F46 /* FindController.swift in Sources */,
				91C9EB032AD1D11900EF6C54 /* HomeCollectionCell+Protocols.swift in Sources */,
				91C9EB112AD1E44A00EF6C54 /* UIImageView++.swift in Sources */,
				91FD969B2ACE0A3700B04B52 /* RootManager.swift in Sources */,
				91FD96862ACDFFD100B04B52 /* NetworkManager.swift in Sources */,
				91EDA5A02AD1776C00579F46 /* Root++.swift in Sources */,
				91C9EB302AD2B05E00EF6C54 /* HomeDetailsViewModel.swift in Sources */,
				91994A5B2AD327A700DE4533 /* HomeDetailsHeader.swift in Sources */,
				91C9EAFF2AD1CEDA00EF6C54 /* HomeCollectionCellViewModel.swift in Sources */,
				91C9EB252AD2068000EF6C54 /* HeaderCollectionCell.swift in Sources */,
				91C9EB372AD2B32A00EF6C54 /* HomeDetails+Protocol.swift in Sources */,
				91EDA5A32AD177E300579F46 /* HomeController.swift in Sources */,
				91C9EAF12AD1AE6100EF6C54 /* HomeCollectionCell.swift in Sources */,
				91C9EB2C2AD2AF4800EF6C54 /* HomeDetailsController.swift in Sources */,
				91C9EB1F2AD1FFFF00EF6C54 /* HomeHeaderViewModel.swift in Sources */,
				91C9EB282AD2268500EF6C54 /* HomeHeader+Protocols.swift in Sources */,
				91FD96642ACDF25800B04B52 /* SceneDelegate.swift in Sources */,
				91FD96902ACE070800B04B52 /* MainTabController.swift in Sources */,
				91FD96802ACDF4CF00B04B52 /* SplashViewModel.swift in Sources */,
				91994A622AD337EB00DE4533 /* HomeDetail+Video.swift in Sources */,
				91994A582AD2DE9E00DE4533 /* HomeDetailsViewModel+Protocol.swift in Sources */,
				91C9EB3B2AD2B40300EF6C54 /* HomeDetailsButtonCell.swift in Sources */,
				91C9EB012AD1CFD800EF6C54 /* HomeCollectionCell+Collection.swift in Sources */,
				91C9EAE42AD19D8400EF6C54 /* MoviesAPI.swift in Sources */,
				91C9EB142AD1F9BE00EF6C54 /* HomeCollectionCellViewModel+Protocols.swift in Sources */,
				91C9EAED2AD1AE1F00EF6C54 /* HomeCell.swift in Sources */,
				91FD96842ACDFDA100B04B52 /* UIColor++.swift in Sources */,
				91C9EAF82AD1B2AC00EF6C54 /* HomeController+Table.swift in Sources */,
				91994A562AD2DE2E00DE4533 /* HomeHeaderViewModel+Protocols.swift in Sources */,
				91EDA5A52AD177E900579F46 /* DownloadsController.swift in Sources */,
				91FD968E2ACE06EA00B04B52 /* MainTabViewModel.swift in Sources */,
				91C9EAE22AD19BDC00EF6C54 /* API.swift in Sources */,
				91C9EAF62AD1B2A400EF6C54 /* HomeController+Protocols.swift in Sources */,
				91FD96992ACE085300B04B52 /* Segue++.swift in Sources */,
				91C9EB3F2AD2B41700EF6C54 /* HomeDetailsLabelCell.swift in Sources */,
				91C9EB172AD1FD5000EF6C54 /* HomeHeader.swift in Sources */,
				91C9EB212AD2040300EF6C54 /* HomeHeader+Collection.swift in Sources */,
				91C9EB352AD2B31E00EF6C54 /* HomeDetails+Table.swift in Sources */,
				91994A5F2AD333FF00DE4533 /* YoutubeManager.swift in Sources */,
			);
			runOnlyForDeploymentPostprocessing = 0;
		};
/* End PBXSourcesBuildPhase section */

/* Begin PBXVariantGroup section */
		91FD96672ACDF25800B04B52 /* Splash.storyboard */ = {
			isa = PBXVariantGroup;
			children = (
				91FD96682ACDF25800B04B52 /* Base */,
			);
			name = Splash.storyboard;
			sourceTree = "<group>";
		};
		91FD966C2ACDF25900B04B52 /* LaunchScreen.storyboard */ = {
			isa = PBXVariantGroup;
			children = (
				91FD966D2ACDF25900B04B52 /* Base */,
			);
			name = LaunchScreen.storyboard;
			sourceTree = "<group>";
		};
/* End PBXVariantGroup section */

/* Begin XCBuildConfiguration section */
		91FD96702ACDF25900B04B52 /* Debug */ = {
			isa = XCBuildConfiguration;
			buildSettings = {
				ALWAYS_SEARCH_USER_PATHS = NO;
				ASSETCATALOG_COMPILER_GENERATE_SWIFT_ASSET_SYMBOL_EXTENSIONS = YES;
				CLANG_ANALYZER_NONNULL = YES;
				CLANG_ANALYZER_NUMBER_OBJECT_CONVERSION = YES_AGGRESSIVE;
				CLANG_CXX_LANGUAGE_STANDARD = "gnu++20";
				CLANG_ENABLE_MODULES = YES;
				CLANG_ENABLE_OBJC_ARC = YES;
				CLANG_ENABLE_OBJC_WEAK = YES;
				CLANG_WARN_BLOCK_CAPTURE_AUTORELEASING = YES;
				CLANG_WARN_BOOL_CONVERSION = YES;
				CLANG_WARN_COMMA = YES;
				CLANG_WARN_CONSTANT_CONVERSION = YES;
				CLANG_WARN_DEPRECATED_OBJC_IMPLEMENTATIONS = YES;
				CLANG_WARN_DIRECT_OBJC_ISA_USAGE = YES_ERROR;
				CLANG_WARN_DOCUMENTATION_COMMENTS = YES;
				CLANG_WARN_EMPTY_BODY = YES;
				CLANG_WARN_ENUM_CONVERSION = YES;
				CLANG_WARN_INFINITE_RECURSION = YES;
				CLANG_WARN_INT_CONVERSION = YES;
				CLANG_WARN_NON_LITERAL_NULL_CONVERSION = YES;
				CLANG_WARN_OBJC_IMPLICIT_RETAIN_SELF = YES;
				CLANG_WARN_OBJC_LITERAL_CONVERSION = YES;
				CLANG_WARN_OBJC_ROOT_CLASS = YES_ERROR;
				CLANG_WARN_QUOTED_INCLUDE_IN_FRAMEWORK_HEADER = YES;
				CLANG_WARN_RANGE_LOOP_ANALYSIS = YES;
				CLANG_WARN_STRICT_PROTOTYPES = YES;
				CLANG_WARN_SUSPICIOUS_MOVE = YES;
				CLANG_WARN_UNGUARDED_AVAILABILITY = YES_AGGRESSIVE;
				CLANG_WARN_UNREACHABLE_CODE = YES;
				CLANG_WARN__DUPLICATE_METHOD_MATCH = YES;
				COPY_PHASE_STRIP = NO;
				DEBUG_INFORMATION_FORMAT = dwarf;
				ENABLE_STRICT_OBJC_MSGSEND = YES;
				ENABLE_TESTABILITY = YES;
				ENABLE_USER_SCRIPT_SANDBOXING = YES;
				GCC_C_LANGUAGE_STANDARD = gnu17;
				GCC_DYNAMIC_NO_PIC = NO;
				GCC_NO_COMMON_BLOCKS = YES;
				GCC_OPTIMIZATION_LEVEL = 0;
				GCC_PREPROCESSOR_DEFINITIONS = (
					"DEBUG=1",
					"$(inherited)",
				);
				GCC_WARN_64_TO_32_BIT_CONVERSION = YES;
				GCC_WARN_ABOUT_RETURN_TYPE = YES_ERROR;
				GCC_WARN_UNDECLARED_SELECTOR = YES;
				GCC_WARN_UNINITIALIZED_AUTOS = YES_AGGRESSIVE;
				GCC_WARN_UNUSED_FUNCTION = YES;
				GCC_WARN_UNUSED_VARIABLE = YES;
				IPHONEOS_DEPLOYMENT_TARGET = 17.0;
				LOCALIZATION_PREFERS_STRING_CATALOGS = YES;
				MTL_ENABLE_DEBUG_INFO = INCLUDE_SOURCE;
				MTL_FAST_MATH = YES;
				ONLY_ACTIVE_ARCH = YES;
				SDKROOT = iphoneos;
				SWIFT_ACTIVE_COMPILATION_CONDITIONS = "DEBUG $(inherited)";
				SWIFT_OPTIMIZATION_LEVEL = "-Onone";
			};
			name = Debug;
		};
		91FD96712ACDF25900B04B52 /* Release */ = {
			isa = XCBuildConfiguration;
			buildSettings = {
				ALWAYS_SEARCH_USER_PATHS = NO;
				ASSETCATALOG_COMPILER_GENERATE_SWIFT_ASSET_SYMBOL_EXTENSIONS = YES;
				CLANG_ANALYZER_NONNULL = YES;
				CLANG_ANALYZER_NUMBER_OBJECT_CONVERSION = YES_AGGRESSIVE;
				CLANG_CXX_LANGUAGE_STANDARD = "gnu++20";
				CLANG_ENABLE_MODULES = YES;
				CLANG_ENABLE_OBJC_ARC = YES;
				CLANG_ENABLE_OBJC_WEAK = YES;
				CLANG_WARN_BLOCK_CAPTURE_AUTORELEASING = YES;
				CLANG_WARN_BOOL_CONVERSION = YES;
				CLANG_WARN_COMMA = YES;
				CLANG_WARN_CONSTANT_CONVERSION = YES;
				CLANG_WARN_DEPRECATED_OBJC_IMPLEMENTATIONS = YES;
				CLANG_WARN_DIRECT_OBJC_ISA_USAGE = YES_ERROR;
				CLANG_WARN_DOCUMENTATION_COMMENTS = YES;
				CLANG_WARN_EMPTY_BODY = YES;
				CLANG_WARN_ENUM_CONVERSION = YES;
				CLANG_WARN_INFINITE_RECURSION = YES;
				CLANG_WARN_INT_CONVERSION = YES;
				CLANG_WARN_NON_LITERAL_NULL_CONVERSION = YES;
				CLANG_WARN_OBJC_IMPLICIT_RETAIN_SELF = YES;
				CLANG_WARN_OBJC_LITERAL_CONVERSION = YES;
				CLANG_WARN_OBJC_ROOT_CLASS = YES_ERROR;
				CLANG_WARN_QUOTED_INCLUDE_IN_FRAMEWORK_HEADER = YES;
				CLANG_WARN_RANGE_LOOP_ANALYSIS = YES;
				CLANG_WARN_STRICT_PROTOTYPES = YES;
				CLANG_WARN_SUSPICIOUS_MOVE = YES;
				CLANG_WARN_UNGUARDED_AVAILABILITY = YES_AGGRESSIVE;
				CLANG_WARN_UNREACHABLE_CODE = YES;
				CLANG_WARN__DUPLICATE_METHOD_MATCH = YES;
				COPY_PHASE_STRIP = NO;
				DEBUG_INFORMATION_FORMAT = "dwarf-with-dsym";
				ENABLE_NS_ASSERTIONS = NO;
				ENABLE_STRICT_OBJC_MSGSEND = YES;
				ENABLE_USER_SCRIPT_SANDBOXING = YES;
				GCC_C_LANGUAGE_STANDARD = gnu17;
				GCC_NO_COMMON_BLOCKS = YES;
				GCC_WARN_64_TO_32_BIT_CONVERSION = YES;
				GCC_WARN_ABOUT_RETURN_TYPE = YES_ERROR;
				GCC_WARN_UNDECLARED_SELECTOR = YES;
				GCC_WARN_UNINITIALIZED_AUTOS = YES_AGGRESSIVE;
				GCC_WARN_UNUSED_FUNCTION = YES;
				GCC_WARN_UNUSED_VARIABLE = YES;
				IPHONEOS_DEPLOYMENT_TARGET = 17.0;
				LOCALIZATION_PREFERS_STRING_CATALOGS = YES;
				MTL_ENABLE_DEBUG_INFO = NO;
				MTL_FAST_MATH = YES;
				SDKROOT = iphoneos;
				SWIFT_COMPILATION_MODE = wholemodule;
				VALIDATE_PRODUCT = YES;
			};
			name = Release;
		};
		91FD96732ACDF25900B04B52 /* Debug */ = {
			isa = XCBuildConfiguration;
			buildSettings = {
				ASSETCATALOG_COMPILER_APPICON_NAME = AppIcon;
				ASSETCATALOG_COMPILER_GLOBAL_ACCENT_COLOR_NAME = AccentColor;
				CODE_SIGN_STYLE = Automatic;
				CURRENT_PROJECT_VERSION = 1;
				DEVELOPMENT_TEAM = G853KP8PLG;
				GENERATE_INFOPLIST_FILE = YES;
				INFOPLIST_FILE = awsPrimeVideoClone/Info.plist;
				INFOPLIST_KEY_UIApplicationSupportsIndirectInputEvents = YES;
				INFOPLIST_KEY_UILaunchStoryboardName = LaunchScreen;
				INFOPLIST_KEY_UIMainStoryboardFile = Splash;
				INFOPLIST_KEY_UISupportedInterfaceOrientations_iPad = "UIInterfaceOrientationPortrait UIInterfaceOrientationPortraitUpsideDown UIInterfaceOrientationLandscapeLeft UIInterfaceOrientationLandscapeRight";
				INFOPLIST_KEY_UISupportedInterfaceOrientations_iPhone = "UIInterfaceOrientationPortrait UIInterfaceOrientationLandscapeLeft UIInterfaceOrientationLandscapeRight";
				LD_RUNPATH_SEARCH_PATHS = (
					"$(inherited)",
					"@executable_path/Frameworks",
				);
				MARKETING_VERSION = 1.0;
				PRODUCT_BUNDLE_IDENTIFIER = com.furkanalioglu.awsPrimeVideoClone;
				PRODUCT_NAME = "$(TARGET_NAME)";
				SUPPORTED_PLATFORMS = "iphoneos iphonesimulator";
				SUPPORTS_MACCATALYST = NO;
				SUPPORTS_MAC_DESIGNED_FOR_IPHONE_IPAD = NO;
				SWIFT_EMIT_LOC_STRINGS = YES;
				SWIFT_VERSION = 5.0;
				TARGETED_DEVICE_FAMILY = "1,2";
			};
			name = Debug;
		};
		91FD96742ACDF25900B04B52 /* Release */ = {
			isa = XCBuildConfiguration;
			buildSettings = {
				ASSETCATALOG_COMPILER_APPICON_NAME = AppIcon;
				ASSETCATALOG_COMPILER_GLOBAL_ACCENT_COLOR_NAME = AccentColor;
				CODE_SIGN_STYLE = Automatic;
				CURRENT_PROJECT_VERSION = 1;
				DEVELOPMENT_TEAM = G853KP8PLG;
				GENERATE_INFOPLIST_FILE = YES;
				INFOPLIST_FILE = awsPrimeVideoClone/Info.plist;
				INFOPLIST_KEY_UIApplicationSupportsIndirectInputEvents = YES;
				INFOPLIST_KEY_UILaunchStoryboardName = LaunchScreen;
				INFOPLIST_KEY_UIMainStoryboardFile = Splash;
				INFOPLIST_KEY_UISupportedInterfaceOrientations_iPad = "UIInterfaceOrientationPortrait UIInterfaceOrientationPortraitUpsideDown UIInterfaceOrientationLandscapeLeft UIInterfaceOrientationLandscapeRight";
				INFOPLIST_KEY_UISupportedInterfaceOrientations_iPhone = "UIInterfaceOrientationPortrait UIInterfaceOrientationLandscapeLeft UIInterfaceOrientationLandscapeRight";
				LD_RUNPATH_SEARCH_PATHS = (
					"$(inherited)",
					"@executable_path/Frameworks",
				);
				MARKETING_VERSION = 1.0;
				PRODUCT_BUNDLE_IDENTIFIER = com.furkanalioglu.awsPrimeVideoClone;
				PRODUCT_NAME = "$(TARGET_NAME)";
				SUPPORTED_PLATFORMS = "iphoneos iphonesimulator";
				SUPPORTS_MACCATALYST = NO;
				SUPPORTS_MAC_DESIGNED_FOR_IPHONE_IPAD = NO;
				SWIFT_EMIT_LOC_STRINGS = YES;
				SWIFT_VERSION = 5.0;
				TARGETED_DEVICE_FAMILY = "1,2";
			};
			name = Release;
		};
/* End XCBuildConfiguration section */

/* Begin XCConfigurationList section */
		91FD96592ACDF25800B04B52 /* Build configuration list for PBXProject "awsPrimeVideoClone" */ = {
			isa = XCConfigurationList;
			buildConfigurations = (
				91FD96702ACDF25900B04B52 /* Debug */,
				91FD96712ACDF25900B04B52 /* Release */,
			);
			defaultConfigurationIsVisible = 0;
			defaultConfigurationName = Release;
		};
		91FD96722ACDF25900B04B52 /* Build configuration list for PBXNativeTarget "awsPrimeVideoClone" */ = {
			isa = XCConfigurationList;
			buildConfigurations = (
				91FD96732ACDF25900B04B52 /* Debug */,
				91FD96742ACDF25900B04B52 /* Release */,
			);
			defaultConfigurationIsVisible = 0;
			defaultConfigurationName = Release;
		};
/* End XCConfigurationList section */
	};
	rootObject = 91FD96562ACDF25800B04B52 /* Project object */;
}
